
Microsoft Visual Studio Solution File, Format Version 12.00
# Visual Studio Version 17
VisualStudioVersion = 17.13.35825.156 d17.13
MinimumVisualStudioVersion = 10.0.40219.1
Project("{FAE04EC0-301F-11D3-BF4B-00C04F79EFBC}") = "Matriz 1", "Matriz 1.csproj", "{9CE143D6-F57A-4AFF-AE5C-8865C46A86AF}"
EndProject
Global
	GlobalSection(SolutionConfigurationPlatforms) = preSolution
		Debug|Any CPU = Debug|Any CPU
		Release|Any CPU = Release|Any CPU
	EndGlobalSection
	GlobalSection(ProjectConfigurationPlatforms) = postSolution
		{9CE143D6-F57A-4AFF-AE5C-8865C46A86AF}.Debug|Any CPU.ActiveCfg = Debug|Any CPU
		{9CE143D6-F57A-4AFF-AE5C-8865C46A86AF}.Debug|Any CPU.Build.0 = Debug|Any CPU
		{9CE143D6-F57A-4AFF-AE5C-8865C46A86AF}.Release|Any CPU.ActiveCfg = Release|Any CPU
		{9CE143D6-F57A-4AFF-AE5C-8865C46A86AF}.Release|Any CPU.Build.0 = Release|Any CPU
	EndGlobalSection
	GlobalSection(SolutionProperties) = preSolution
		HideSolutionNode = FALSE
	EndGlobalSection
	GlobalSection(ExtensibilityGlobals) = postSolution
		SolutionGuid = {944A0112-5603-4588-84AD-253E03E56275}
	EndGlobalSection
EndGlobal
